<Project xmlns="http://schemas.microsoft.com/developer/msbuild/2003">
    <PropertyGroup>
        <ProjectGuid>{32301805-B238-47C6-A643-4C62BFBDFD0E}</ProjectGuid>
        <ProjectVersion>14.6</ProjectVersion>
        <MainSource>WDCC.dpr</MainSource>
        <Base>True</Base>
        <Config Condition="'$(Config)'==''">Release</Config>
        <AppType>Application</AppType>
        <FrameworkType>VCL</FrameworkType>
        <DCC_DCCCompiler>DCC32</DCC_DCCCompiler>
        <Platform Condition="'$(Platform)'==''">Win32</Platform>
        <TargetedPlatforms>3</TargetedPlatforms>
    </PropertyGroup>
    <PropertyGroup Condition="'$(Config)'=='Base' or '$(Base)'!=''">
        <Base>true</Base>
    </PropertyGroup>
    <PropertyGroup Condition="('$(Platform)'=='Win32' and '$(Base)'=='true') or '$(Base_Win32)'!=''">
        <Base_Win32>true</Base_Win32>
        <CfgParent>Base</CfgParent>
        <Base>true</Base>
    </PropertyGroup>
    <PropertyGroup Condition="('$(Platform)'=='Win64' and '$(Base)'=='true') or '$(Base_Win64)'!=''">
        <Base_Win64>true</Base_Win64>
        <CfgParent>Base</CfgParent>
        <Base>true</Base>
    </PropertyGroup>
    <PropertyGroup Condition="'$(Config)'=='Debug' or '$(Cfg_1)'!=''">
        <Cfg_1>true</Cfg_1>
        <CfgParent>Base</CfgParent>
        <Base>true</Base>
    </PropertyGroup>
    <PropertyGroup Condition="('$(Platform)'=='Win32' and '$(Cfg_1)'=='true') or '$(Cfg_1_Win32)'!=''">
        <Cfg_1_Win32>true</Cfg_1_Win32>
        <CfgParent>Cfg_1</CfgParent>
        <Cfg_1>true</Cfg_1>
        <Base>true</Base>
    </PropertyGroup>
    <PropertyGroup Condition="('$(Platform)'=='Win64' and '$(Cfg_1)'=='true') or '$(Cfg_1_Win64)'!=''">
        <Cfg_1_Win64>true</Cfg_1_Win64>
        <CfgParent>Cfg_1</CfgParent>
        <Cfg_1>true</Cfg_1>
        <Base>true</Base>
    </PropertyGroup>
    <PropertyGroup Condition="'$(Config)'=='Release' or '$(Cfg_2)'!=''">
        <Cfg_2>true</Cfg_2>
        <CfgParent>Base</CfgParent>
        <Base>true</Base>
    </PropertyGroup>
    <PropertyGroup Condition="('$(Platform)'=='Win32' and '$(Cfg_2)'=='true') or '$(Cfg_2_Win32)'!=''">
        <Cfg_2_Win32>true</Cfg_2_Win32>
        <CfgParent>Cfg_2</CfgParent>
        <Cfg_2>true</Cfg_2>
        <Base>true</Base>
    </PropertyGroup>
    <PropertyGroup Condition="'$(Base)'!=''">
        <VerInfo_IncludeVerInfo>true</VerInfo_IncludeVerInfo>
        <VerInfo_MinorVer>1</VerInfo_MinorVer>
        <VerInfo_AutoGenVersion>true</VerInfo_AutoGenVersion>
        <VerInfo_Build>170</VerInfo_Build>
        <VerInfo_Locale>1033</VerInfo_Locale>
        <VerInfo_Release>2</VerInfo_Release>
        <VerInfo_Keys>CompanyName=;FileDescription=;FileVersion=1.1.2.170;InternalName=;LegalCopyright=;LegalTrademarks=;OriginalFilename=;ProductName=;ProductVersion=1.0.0.0;Comments=</VerInfo_Keys>
        <DCC_Namespace>Vcl;Vcl.Imaging;Vcl.Touch;Vcl.Samples;Vcl.Shell;System;Xml;Data;Datasnap;Web;Soap;Winapi;System.Win;$(DCC_Namespace)</DCC_Namespace>
        <DCC_UsePackage>rtl;vcl;vclx;vclactnband;xmlrtl;VclSmp;vclimg;svnui;svn;bdertl;TeeUI;TeeDB;Tee;vcldb;dbrtl;vcldbx;vcltouch;dsnap;dsnapcon;vclib;ibxpress;adortl;IndyCore;IndySystem;IndyProtocols;inet;intrawebdb_110_150;Intraweb_110_150;vclie;websnap;webdsnap;inetdb;inetdbbde;inetdbxpress;soaprtl;vclribbon;dbexpress;DbxCommonDriver;DataSnapIndy10ServerTransport;DataSnapProviderClient;DbxClientDriver;DataSnapClient;dbxcds;DataSnapServer;AzureCloud;DBXInterBaseDriver;DBXMySQLDriver;DBXFirebirdDriver;DBXSybaseASEDriver;DBXSybaseASADriver;DBXOracleDriver;DBXMSSQLDriver;DBXInformixDriver;DBXDb2Driver;Hydra_Core_D15;SynEdit_RXE;mbColorLibDXE;JclDeveloperTools;Jcl;JclVcl;JclContainers;JvCore;JvSystem;JvStdCtrls;JvAppFrm;JvBands;JvDB;JvDlgs;JvBDE;JvControls;JvCmp;JvCrypt;JvCustom;JvDocking;JvDotNetCtrls;JvGlobus;JvHMI;JvJans;JvManagedThreads;JvMM;JvNet;JvPageComps;JvPascalInterpreter;JvPluginSystem;JvPrintPreview;JvRuntimeDesign;JvTimeFramework;JvWizards;JvXPCtrls;WinSkinDXE;bsfd2011;$(DCC_UsePackage)</DCC_UsePackage>
        <DCC_ImageBase>00400000</DCC_ImageBase>
        <DCC_DcuOutput>.\$(Config)\$(Platform)</DCC_DcuOutput>
    </PropertyGroup>
    <PropertyGroup Condition="'$(Base_Win32)'!=''">
        <VerInfo_IncludeVerInfo>true</VerInfo_IncludeVerInfo>
        <Icon_MainIcon>WmiDelphiCodeCreator_Icon1.ico</Icon_MainIcon>
        <DCC_Namespace>Data.Win;Datasnap.Win;Web.Win;Soap.Win;Xml.Win;Bde;$(DCC_Namespace)</DCC_Namespace>
        <VerInfo_Locale>1033</VerInfo_Locale>
        <Manifest_File>$(BDS)\bin\default_app.manifest</Manifest_File>
        <VerInfo_Keys>CompanyName=;FileDescription=;FileVersion=1.0.0.0;InternalName=;LegalCopyright=;LegalTrademarks=;OriginalFilename=;ProductName=;ProductVersion=1.0.0.0;Comments=</VerInfo_Keys>
    </PropertyGroup>
    <PropertyGroup Condition="'$(Base_Win64)'!=''">
        <DCC_Namespace>Data.Win;Datasnap.Win;Web.Win;Soap.Win;Xml.Win;$(DCC_Namespace)</DCC_Namespace>
        <Icon_MainIcon>WmiDelphiCodeCreator_Icon1.ico</Icon_MainIcon>
        <Manifest_File>$(BDS)\bin\default_app.manifest</Manifest_File>
        <VerInfo_Keys>CompanyName=;FileDescription=;FileVersion=1.0.0.0;InternalName=;LegalCopyright=;LegalTrademarks=;OriginalFilename=;ProductName=;ProductVersion=1.0.0.0;Comments=</VerInfo_Keys>
    </PropertyGroup>
    <PropertyGroup Condition="'$(Cfg_1)'!=''">
        <DCC_SYMBOL_PLATFORM>false</DCC_SYMBOL_PLATFORM>
        <ILINK_MapFileType>DetailedSegments</ILINK_MapFileType>
        <DCC_MapFile>3</DCC_MapFile>
        <DCC_Define>DEBUG;$(DCC_Define)</DCC_Define>
        <DCC_Optimize>false</DCC_Optimize>
        <DCC_GenerateStackFrames>true</DCC_GenerateStackFrames>
    </PropertyGroup>
    <PropertyGroup Condition="'$(Cfg_1_Win32)'!=''">
        <DCC_DebugDCUs>true</DCC_DebugDCUs>
        <VerInfo_MajorVer>999</VerInfo_MajorVer>
        <Manifest_File>ManAdmin.manifest</Manifest_File>
        <VerInfo_Release>999</VerInfo_Release>
        <VerInfo_AutoGenVersion>false</VerInfo_AutoGenVersion>
        <VerInfo_MinorVer>999</VerInfo_MinorVer>
        <VerInfo_Build>9999</VerInfo_Build>
        <VerInfo_Keys>CompanyName=;FileDescription=;FileVersion=999.999.999.9999;InternalName=;LegalCopyright=;LegalTrademarks=;OriginalFilename=;ProductName=;ProductVersion=1.0.0.0;Comments=</VerInfo_Keys>
    </PropertyGroup>
    <PropertyGroup Condition="'$(Cfg_1_Win64)'!=''">
        <DCC_RemoteDebug>true</DCC_RemoteDebug>
    </PropertyGroup>
    <PropertyGroup Condition="'$(Cfg_2)'!=''">
        <Manifest_File>None</Manifest_File>
        <DCC_LocalDebugSymbols>false</DCC_LocalDebugSymbols>
        <DCC_Define>RELEASE;$(DCC_Define)</DCC_Define>
        <DCC_SymbolReferenceInfo>0</DCC_SymbolReferenceInfo>
        <DCC_DebugInformation>false</DCC_DebugInformation>
    </PropertyGroup>
    <PropertyGroup Condition="'$(Cfg_2_Win32)'!=''">
        <VerInfo_Release>8</VerInfo_Release>
        <Manifest_File>ManAdmin.manifest</Manifest_File>
        <DCC_MapFile>3</DCC_MapFile>
        <DCC_GenerateStackFrames>true</DCC_GenerateStackFrames>
        <DCC_DebugInformation>true</DCC_DebugInformation>
        <VerInfo_AutoGenVersion>false</VerInfo_AutoGenVersion>
        <VerInfo_MinorVer>9</VerInfo_MinorVer>
        <VerInfo_Build>0</VerInfo_Build>
        <VerInfo_Keys>CompanyName=;FileDescription=;FileVersion=1.9.8.0;InternalName=;LegalCopyright=;LegalTrademarks=;OriginalFilename=;ProductName=;ProductVersion=1.0.0.0;Comments=</VerInfo_Keys>
    </PropertyGroup>
    <ItemGroup>
        <DelphiCompile Include="$(MainSource)">
            <MainSource>MainSource</MainSource>
        </DelphiCompile>
        <DCCReference Include="Units\uGlobals.pas"/>
        <DCCReference Include="Main.pas">
            <Form>FrmMain</Form>
        </DCCReference>
        <DCCReference Include="Units\uWmiTree.pas">
            <Form>FrmWMITree</Form>
        </DCCReference>
        <DCCReference Include="Units\uDelphiSyntax.pas"/>
        <DCCReference Include="Units\uWmi_About.pas">
            <Form>FrmAbout</Form>
        </DCCReference>
        <DCCReference Include="Units\uWmiDelphiCode.pas"/>
        <DCCReference Include="Units\uDelphiIDE.pas"/>
        <DCCReference Include="Units\uDelphiPrismHelper.pas"/>
        <DCCReference Include="Units\uDelphiPrismIDE.pas"/>
        <DCCReference Include="Units\uLazarusIDE.pas"/>
        <DCCReference Include="Units\uSelectCompilerVersion.pas">
            <Form>FrmSelCompilerVer</Form>
        </DCCReference>
        <DCCReference Include="Units\uWmi_ViewPropsValues.pas">
            <Form>FrmWmiVwProps</Form>
        </DCCReference>
        <DCCReference Include="Units\uWmiDatabase.pas">
            <Form>FrmWmiDatabase</Form>
        </DCCReference>
        <DCCReference Include="Units\uSettings.pas">
            <Form>FrmSettings</Form>
        </DCCReference>
        <DCCReference Include="Units\uDelphiIDEHighlight.pas"/>
        <DCCReference Include="Units\uDelphiVersions.pas"/>
        <DCCReference Include="Units\uWmiGenCode.pas"/>
        <DCCReference Include="Units\uWmiOxygenCode.pas"/>
        <DCCReference Include="Units\uWmiFPCCode.pas"/>
        <DCCReference Include="Units\uWmiClassTree.pas">
            <Form>FrmWmiClassTree</Form>
        </DCCReference>
        <DCCReference Include="Units\uPropValueList.pas">
            <Form>FrmValueList</Form>
        </DCCReference>
        <DCCReference Include="Units\uWmiBorlandCppCode.pas"/>
        <DCCReference Include="Units\uBorlandCppVersions.pas"/>
        <DCCReference Include="Units\uBorlandCppIDE.pas"/>
        <DCCReference Include="Units\uCodeEditor.pas">
            <Form>FrmCodeEditor</Form>
            <FormType>dfm</FormType>
        </DCCReference>
        <DCCReference Include="Units\uWmiEvents.pas">
            <Form>FrmWmiEvents</Form>
            <FormType>dfm</FormType>
        </DCCReference>
        <DCCReference Include="Units\uWmiMethods.pas">
            <Form>FrmWmiMethods</Form>
            <FormType>dfm</FormType>
        </DCCReference>
        <DCCReference Include="Units\uWmiClasses.pas">
            <Form>FrmWmiClasses</Form>
            <FormType>dfm</FormType>
        </DCCReference>
        <DCCReference Include="Units\uWmiVsCppCode.pas"/>
        <DCCReference Include="Units\uVisualStudio.pas"/>
        <DCCReference Include="Units\Vcl.Styles.Utils\Vcl.Styles.Ext.pas"/>
        <DCCReference Include="Units\ThirdParty\AsyncCalls.pas"/>
        <DCCReference Include="Units\Vcl.Styles.Utils\uXE2Patches.pas"/>
        <DCCReference Include="Units\WMI\uWmi_Metadata.pas"/>
        <DCCReference Include="Units\Vcl.Styles.Utils\Vcl.Styles.WebBrowser.pas"/>
        <DCCReference Include="Units\Misc\uStdActionsPopMenu.pas"/>
        <DCCReference Include="Units\Misc\uSynEditPopupEdit.pas"/>
        <DCCReference Include="Units\Misc\uOleVariantEnum.pas"/>
        <DCCReference Include="Units\Misc\uRegistry.pas"/>
        <DCCReference Include="Units\Misc\uMisc.pas"/>
        <DCCReference Include="Units\Misc\uListView_Helper.pas"/>
        <DCCReference Include="Units\Misc\uWinInet.pas"/>
        <DCCReference Include="Units\Misc\uComboBox.pas"/>
        <DCCReference Include="Units\Misc\uCustomImageDrawHook.pas"/>
        <DCCReference Include="Units\Misc\uCheckUpdate.pas">
            <Form>FrmCheckUpdate</Form>
        </DCCReference>
        <DCCReference Include="Units\uWmiCSharpCode.pas"/>
        <DCCReference Include="Units\uDotNetFrameWork.pas"/>
        <DCCReference Include="Units\uWmiPropertyValue.pas">
            <Form>FrmWMIPropValue</Form>
            <FormType>dfm</FormType>
        </DCCReference>
        <DCCReference Include="Units\Vcl.Styles.Utils\Vcl.Styles.FormStyleHooks.pas"/>
        <DCCReference Include="Units\uOnlineResources.pas">
            <Form>FrmOnlineResources</Form>
            <FormType>dfm</FormType>
        </DCCReference>
        <DCCReference Include="Units\uSqlWMI.pas">
            <Form>FrmWMISQL</Form>
            <FormType>dfm</FormType>
        </DCCReference>
        <DCCReference Include="Units\Misc\uUpdatesChanges.pas">
            <Form>FrmUpdateChanges</Form>
            <FormType>dfm</FormType>
        </DCCReference>
        <DCCReference Include="Units\WMI\WbemScripting_TLB.pas"/>
        <DCCReference Include="Units\uLog.pas">
            <Form>FrmLog</Form>
            <FormType>dfm</FormType>
        </DCCReference>
        <DCCReference Include="Units\Vcl.Styles.Utils\Vcl.Styles.ColorTabs.pas"/>
        <DCCReference Include="Units\uSqlWMIContainer.pas">
            <Form>FrmSqlWMIContainer</Form>
            <FormType>dfm</FormType>
        </DCCReference>
        <DCCReference Include="Units\uWmiInfo.pas">
            <Form>FrmWMIInfo</Form>
            <FormType>dfm</FormType>
        </DCCReference>
        <DCCReference Include="Units\uWMIClassesContainer.pas">
            <Form>FrmWMiClassesContainer</Form>
            <FormType>dfm</FormType>
        </DCCReference>
        <DCCReference Include="Units\uWMIEventsContainer.pas">
            <Form>FrmWmiEventsContainer</Form>
            <FormType>dfm</FormType>
        </DCCReference>
        <DCCReference Include="Units\uWMIMethodsContainer.pas">
            <Form>FrmWmiMethodsContainer</Form>
            <FormType>dfm</FormType>
        </DCCReference>
        <DCCReference Include="Units\uHostsAdmin.pas">
            <Form>FrmHostAdmin</Form>
            <FormType>dfm</FormType>
        </DCCReference>
        <DCCReference Include="Units\Vcl.Styles.Utils\Vcl.Styles.TabsClose.pas"/>
        <DCCReference Include="Units\Vcl.Styles.Utils\Vcl.Styles.Fixes.pas"/>
        <DCCReference Include="Units\Vcl.Styles.Utils\Vcl.Styles.Utils.Menus.pas"/>
        <DCCReference Include="Units\Vcl.Styles.Utils\Vcl.Styles.Utils.SysControls.pas"/>
        <DCCReference Include="Units\Vcl.Styles.Utils\Vcl.Styles.Utils.SysStyleHook.pas"/>
        <DCCReference Include="Units\Vcl.Styles.Utils\Vcl.Styles.Hooks.pas"/>
        <DCCReference Include="Units\Vcl.Styles.Utils\Vcl.Styles.NC.pas"/>
        <DCCReference Include="Units\Vcl.Styles.Utils\Vcl.Styles.Utils.SystemMenu.pas"/>
        <DCCReference Include="Units\Vcl.Styles.Utils\Vcl.Styles.UxTheme.pas"/>
        <DCCReference Include="Units\Vcl.Styles.Utils\delphi-detours-library\DDetours.pas"/>
        <DCCReference Include="Units\Vcl.Styles.Utils\delphi-detours-library\InstDecode.pas"/>
        <DCCReference Include="Units\Vcl.Styles.Utils\delphi-detours-library\CPUID.pas"/>
        <DCCReference Include="Units\Vcl.Styles.Utils\Vcl.Styles.Utils.Graphics.pas"/>
        <DCCReference Include="Units\uSupportedIDEs.pas"/>
        <BuildConfiguration Include="Release">
            <Key>Cfg_2</Key>
            <CfgParent>Base</CfgParent>
        </BuildConfiguration>
        <BuildConfiguration Include="Base">
            <Key>Base</Key>
        </BuildConfiguration>
        <BuildConfiguration Include="Debug">
            <Key>Cfg_1</Key>
            <CfgParent>Base</CfgParent>
        </BuildConfiguration>
    </ItemGroup>
    <Import Condition="Exists('$(BDS)\Bin\CodeGear.Delphi.Targets')" Project="$(BDS)\Bin\CodeGear.Delphi.Targets"/>
    <Import Condition="Exists('$(APPDATA)\Embarcadero\$(BDSAPPDATABASEDIR)\$(PRODUCTVERSION)\UserTools.proj')" Project="$(APPDATA)\Embarcadero\$(BDSAPPDATABASEDIR)\$(PRODUCTVERSION)\UserTools.proj"/>
    <ProjectExtensions>
        <Borland.Personality>Delphi.Personality.12</Borland.Personality>
        <Borland.ProjectType/>
        <BorlandProject>
            <Delphi.Personality>
                <VersionInfo>
                    <VersionInfo Name="IncludeVerInfo">True</VersionInfo>
                    <VersionInfo Name="AutoIncBuild">True</VersionInfo>
                    <VersionInfo Name="MajorVer">1</VersionInfo>
                    <VersionInfo Name="MinorVer">1</VersionInfo>
                    <VersionInfo Name="Release">2</VersionInfo>
                    <VersionInfo Name="Build">235</VersionInfo>
                    <VersionInfo Name="Debug">False</VersionInfo>
                    <VersionInfo Name="PreRelease">False</VersionInfo>
                    <VersionInfo Name="Special">False</VersionInfo>
                    <VersionInfo Name="Private">False</VersionInfo>
                    <VersionInfo Name="DLL">False</VersionInfo>
                    <VersionInfo Name="Locale">1033</VersionInfo>
                    <VersionInfo Name="CodePage">1252</VersionInfo>
                </VersionInfo>
                <VersionInfoKeys>
                    <VersionInfoKeys Name="CompanyName"/>
                    <VersionInfoKeys Name="FileDescription"/>
                    <VersionInfoKeys Name="FileVersion">1.1.2.235</VersionInfoKeys>
                    <VersionInfoKeys Name="InternalName"/>
                    <VersionInfoKeys Name="LegalCopyright"/>
                    <VersionInfoKeys Name="LegalTrademarks"/>
                    <VersionInfoKeys Name="OriginalFilename"/>
                    <VersionInfoKeys Name="ProductName"/>
                    <VersionInfoKeys Name="ProductVersion">1.0.0.0</VersionInfoKeys>
                    <VersionInfoKeys Name="Comments"/>
                </VersionInfoKeys>
                <Excluded_Packages>
                    <Excluded_Packages Name="$(BDSBIN)\bcboffice2k180.bpl">Embarcadero C++Builder Office 2000 Servers Package</Excluded_Packages>
                    <Excluded_Packages Name="$(BDSBIN)\bcbofficexp180.bpl">Embarcadero C++Builder Office XP Servers Package</Excluded_Packages>
                    <Excluded_Packages Name="$(BDSBIN)\dcloffice2k180.bpl">Microsoft Office 2000 Sample Automation Server Wrapper Components</Excluded_Packages>
                    <Excluded_Packages Name="$(BDSBIN)\dclofficexp180.bpl">Microsoft Office XP Sample Automation Server Wrapper Components</Excluded_Packages>
                </Excluded_Packages>
                <Source>
                    <Source Name="MainSource">WDCC.dpr</Source>
                </Source>
            </Delphi.Personality>
            <Platforms>
                <Platform value="Win32">True</Platform>
                <Platform value="Win64">True</Platform>
            </Platforms>
            <Deployment>
                <DeployFile LocalName="WDCC.exe" Configuration="Release" Class="ProjectOutput">
                    <Platform Name="Win32"/>
                </DeployFile>
                <DeployFile LocalName="WDCC.rsm" Configuration="Release" Class="DebugSymbols">
                    <Platform Name="Win32">
                        <RemoteName>WDCC.rsm</RemoteName>
                    </Platform>
                </DeployFile>
                <DeployClass Required="true" Name="ProjectOutput">
                    <Platform Name="OSX32">
                        <RemoteDir>Contents\MacOS</RemoteDir>
                        <Operation>1</Operation>
                    </Platform>
                    <Platform Name="Win32">
                        <Operation>0</Operation>
                    </Platform>
                </DeployClass>
                <DeployClass Required="true" Name="DependencyPackage">
                    <Platform Name="OSX32">
                        <RemoteDir>Contents\MacOS</RemoteDir>
                        <Operation>1</Operation>
                        <Extensions>.dylib</Extensions>
                    </Platform>
                    <Platform Name="Win32">
                        <Operation>0</Operation>
                        <Extensions>.bpl</Extensions>
                    </Platform>
                </DeployClass>
                <DeployClass Name="DependencyModule">
                    <Platform Name="OSX32">
                        <RemoteDir>Contents\MacOS</RemoteDir>
                        <Operation>1</Operation>
                        <Extensions>.dylib</Extensions>
                    </Platform>
                    <Platform Name="Win32">
                        <Operation>0</Operation>
                        <Extensions>.dll;.bpl</Extensions>
                    </Platform>
                </DeployClass>
                <DeployClass Name="ProjectOSXInfoPList">
                    <Platform Name="OSX32">
                        <RemoteDir>Contents</RemoteDir>
                        <Operation>1</Operation>
                    </Platform>
                </DeployClass>
                <DeployClass Name="File">
                    <Platform Name="OSX32">
                        <RemoteDir>Contents\MacOS</RemoteDir>
                        <Operation>0</Operation>
                    </Platform>
                    <Platform Name="Win32">
                        <Operation>0</Operation>
                    </Platform>
                </DeployClass>
                <DeployClass Name="DebugSymbols">
                    <Platform Name="OSX32">
                        <RemoteDir>Contents\MacOS</RemoteDir>
                        <Operation>1</Operation>
                    </Platform>
                    <Platform Name="Win32">
                        <Operation>0</Operation>
                    </Platform>
                </DeployClass>
                <DeployClass Name="DependencyFramework">
                    <Platform Name="OSX32">
                        <RemoteDir>Contents\MacOS</RemoteDir>
                        <Operation>1</Operation>
                        <Extensions>.framework</Extensions>
                    </Platform>
                    <Platform Name="Win32">
                        <Operation>0</Operation>
                    </Platform>
                </DeployClass>
                <DeployClass Name="AdditionalDebugSymbols">
                    <Platform Name="OSX32">
                        <RemoteDir>Contents\MacOS</RemoteDir>
                        <Operation>1</Operation>
                    </Platform>
                    <Platform Name="Win32">
                        <Operation>0</Operation>
                    </Platform>
                </DeployClass>
                <DeployClass Name="ProjectOSXResource">
                    <Platform Name="OSX32">
                        <RemoteDir>Contents\Resources</RemoteDir>
                        <Operation>1</Operation>
                    </Platform>
                </DeployClass>
                <ProjectRoot Platform="OSX32" Name="$(PROJECTNAME).app"/>
                <ProjectRoot Platform="Win64" Name="$(PROJECTNAME)"/>
                <ProjectRoot Platform="Win32" Name="$(PROJECTNAME)"/>
            </Deployment>
        </BorlandProject>
        <ProjectFileVersion>12</ProjectFileVersion>
    </ProjectExtensions>
    <Import Condition="Exists('$(MSBuildProjectName).deployproj')" Project="$(MSBuildProjectName).deployproj"/>
</Project>

<!-- EurekaLog First Line
[Exception Log]
EurekaLog Version=7001
Activate=0
atVCL=1
DeleteMapAfterCompile=0
dpJCL=1
Encrypt Password=""
idEurekaLog=1
idEurekaLogDetailed=1
idMSClassic=1
idStepsToReproduce=1
ProjectID="{A0E87889-888F-4E5C-B488-75CEEDFDD7F4}"
sndShowFailureMsg=1
EurekaLog Last Line -->
