
Microsoft Visual Studio Solution File, Format Version 11.00
# Visual Studio 2010
Project("{FAE04EC0-301F-11D3-BF4B-00C04F79EFBC}") = "GetWMI_Info", "GetWMI_Info.csproj", "{3084ADC5-B76E-4BBD-A9B1-6ED655366388}"
EndProject
Global
	GlobalSection(SolutionConfigurationPlatforms) = preSolution
		Debug|Any CPU = Debug|Any CPU
		Release|Any CPU = Release|Any CPU
	EndGlobalSection
	GlobalSection(ProjectConfigurationPlatforms) = postSolution
		{3084ADC5-B76E-4BBD-A9B1-6ED655366388}.Debug|Any CPU.ActiveCfg = Debug|Any CPU
		{3084ADC5-B76E-4BBD-A9B1-6ED655366388}.Debug|Any CPU.Build.0 = Debug|Any CPU
		{3084ADC5-B76E-4BBD-A9B1-6ED655366388}.Release|Any CPU.ActiveCfg = Release|Any CPU
		{3084ADC5-B76E-4BBD-A9B1-6ED655366388}.Release|Any CPU.Build.0 = Release|Any CPU
	EndGlobalSection
	GlobalSection(SolutionProperties) = preSolution
		HideSolutionNode = FALSE
	EndGlobalSection
EndGlobal
